// !$*UTF8*$!
{
	archiveVersion = 1;
	classes = {
	};
	objectVersion = 56;
	objects = {

/* Begin PBXBuildFile section */
		DD42F42B2A7E8CB800248C2A /* AppDelegate.swift in Sources */ = {isa = PBXBuildFile; fileRef = DD42F42A2A7E8CB800248C2A /* AppDelegate.swift */; };
		DD42F42D2A7E8CB800248C2A /* SceneDelegate.swift in Sources */ = {isa = PBXBuildFile; fileRef = DD42F42C2A7E8CB800248C2A /* SceneDelegate.swift */; };
		DD42F42F2A7E8CB800248C2A /* ViewController.swift in Sources */ = {isa = PBXBuildFile; fileRef = DD42F42E2A7E8CB800248C2A /* ViewController.swift */; };
		DD42F4322A7E8CB800248C2A /* Main.storyboard in Resources */ = {isa = PBXBuildFile; fileRef = DD42F4302A7E8CB800248C2A /* Main.storyboard */; };
		DD42F4342A7E8CB900248C2A /* Assets.xcassets in Resources */ = {isa = PBXBuildFile; fileRef = DD42F4332A7E8CB900248C2A /* Assets.xcassets */; };
		DD42F4372A7E8CB900248C2A /* LaunchScreen.storyboard in Resources */ = {isa = PBXBuildFile; fileRef = DD42F4352A7E8CB900248C2A /* LaunchScreen.storyboard */; };
		DD42F4422A7E8CBA00248C2A /* MortgageAppTests.swift in Sources */ = {isa = PBXBuildFile; fileRef = DD42F4412A7E8CBA00248C2A /* MortgageAppTests.swift */; };
		DD42F44C2A7E8CBA00248C2A /* MortgageAppUITests.swift in Sources */ = {isa = PBXBuildFile; fileRef = DD42F44B2A7E8CBA00248C2A /* MortgageAppUITests.swift */; };
		DD42F44E2A7E8CBA00248C2A /* MortgageAppUITestsLaunchTests.swift in Sources */ = {isa = PBXBuildFile; fileRef = DD42F44D2A7E8CBA00248C2A /* MortgageAppUITestsLaunchTests.swift */; };
/* End PBXBuildFile section */

/* Begin PBXContainerItemProxy section */
		DD42F43E2A7E8CBA00248C2A /* PBXContainerItemProxy */ = {
			isa = PBXContainerItemProxy;
			containerPortal = DD42F41F2A7E8CB800248C2A /* Project object */;
			proxyType = 1;
			remoteGlobalIDString = DD42F4262A7E8CB800248C2A;
			remoteInfo = MortgageApp;
		};
		DD42F4482A7E8CBA00248C2A /* PBXContainerItemProxy */ = {
			isa = PBXContainerItemProxy;
			containerPortal = DD42F41F2A7E8CB800248C2A /* Project object */;
			proxyType = 1;
			remoteGlobalIDString = DD42F4262A7E8CB800248C2A;
			remoteInfo = MortgageApp;
		};
/* End PBXContainerItemProxy section */

/* Begin PBXFileReference section */
		DD42F4272A7E8CB800248C2A /* MortgageApp.app */ = {isa = PBXFileReference; explicitFileType = wrapper.application; includeInIndex = 0; path = MortgageApp.app; sourceTree = BUILT_PRODUCTS_DIR; };
		DD42F42A2A7E8CB800248C2A /* AppDelegate.swift */ = {isa = PBXFileReference; lastKnownFileType = sourcecode.swift; path = AppDelegate.swift; sourceTree = "<group>"; };
		DD42F42C2A7E8CB800248C2A /* SceneDelegate.swift */ = {isa = PBXFileReference; lastKnownFileType = sourcecode.swift; path = SceneDelegate.swift; sourceTree = "<group>"; };
		DD42F42E2A7E8CB800248C2A /* ViewController.swift */ = {isa = PBXFileReference; lastKnownFileType = sourcecode.swift; path = ViewController.swift; sourceTree = "<group>"; };
		DD42F4312A7E8CB800248C2A /* Base */ = {isa = PBXFileReference; lastKnownFileType = file.storyboard; name = Base; path = Base.lproj/Main.storyboard; sourceTree = "<group>"; };
		DD42F4332A7E8CB900248C2A /* Assets.xcassets */ = {isa = PBXFileReference; lastKnownFileType = folder.assetcatalog; path = Assets.xcassets; sourceTree = "<group>"; };
		DD42F4362A7E8CB900248C2A /* Base */ = {isa = PBXFileReference; lastKnownFileType = file.storyboard; name = Base; path = Base.lproj/LaunchScreen.storyboard; sourceTree = "<group>"; };
		DD42F4382A7E8CB900248C2A /* Info.plist */ = {isa = PBXFileReference; lastKnownFileType = text.plist.xml; path = Info.plist; sourceTree = "<group>"; };
		DD42F43D2A7E8CBA00248C2A /* MortgageAppTests.xctest */ = {isa = PBXFileReference; explicitFileType = wrapper.cfbundle; includeInIndex = 0; path = MortgageAppTests.xctest; sourceTree = BUILT_PRODUCTS_DIR; };
		DD42F4412A7E8CBA00248C2A /* MortgageAppTests.swift */ = {isa = PBXFileReference; lastKnownFileType = sourcecode.swift; path = MortgageAppTests.swift; sourceTree = "<group>"; };
		DD42F4472A7E8CBA00248C2A /* MortgageAppUITests.xctest */ = {isa = PBXFileReference; explicitFileType = wrapper.cfbundle; includeInIndex = 0; path = MortgageAppUITests.xctest; sourceTree = BUILT_PRODUCTS_DIR; };
		DD42F44B2A7E8CBA00248C2A /* MortgageAppUITests.swift */ = {isa = PBXFileReference; lastKnownFileType = sourcecode.swift; path = MortgageAppUITests.swift; sourceTree = "<group>"; };
		DD42F44D2A7E8CBA00248C2A /* MortgageAppUITestsLaunchTests.swift */ = {isa = PBXFileReference; lastKnownFileType = sourcecode.swift; path = MortgageAppUITestsLaunchTests.swift; sourceTree = "<group>"; };
/* End PBXFileReference section */

/* Begin PBXFrameworksBuildPhase section */
		DD42F4242A7E8CB800248C2A /* Frameworks */ = {
			isa = PBXFrameworksBuildPhase;
			buildActionMask = 2147483647;
			files = (
			);
			runOnlyForDeploymentPostprocessing = 0;
		};
		DD42F43A2A7E8CBA00248C2A /* Frameworks */ = {
			isa = PBXFrameworksBuildPhase;
			buildActionMask = 2147483647;
			files = (
			);
			runOnlyForDeploymentPostprocessing = 0;
		};
		DD42F4442A7E8CBA00248C2A /* Frameworks */ = {
			isa = PBXFrameworksBuildPhase;
			buildActionMask = 2147483647;
			files = (
			);
			runOnlyForDeploymentPostprocessing = 0;
		};
/* End PBXFrameworksBuildPhase section */

/* Begin PBXGroup section */
		DD42F41E2A7E8CB800248C2A = {
			isa = PBXGroup;
			children = (
				DD42F4292A7E8CB800248C2A /* MortgageApp */,
				DD42F4402A7E8CBA00248C2A /* MortgageAppTests */,
				DD42F44A2A7E8CBA00248C2A /* MortgageAppUITests */,
				DD42F4282A7E8CB800248C2A /* Products */,
			);
			sourceTree = "<group>";
		};
		DD42F4282A7E8CB800248C2A /* Products */ = {
			isa = PBXGroup;
			children = (
				DD42F4272A7E8CB800248C2A /* MortgageApp.app */,
				DD42F43D2A7E8CBA00248C2A /* MortgageAppTests.xctest */,
				DD42F4472A7E8CBA00248C2A /* MortgageAppUITests.xctest */,
			);
			name = Products;
			sourceTree = "<group>";
		};
		DD42F4292A7E8CB800248C2A /* MortgageApp */ = {
			isa = PBXGroup;
			children = (
				DD42F42A2A7E8CB800248C2A /* AppDelegate.swift */,
				DD42F42C2A7E8CB800248C2A /* SceneDelegate.swift */,
				DD42F42E2A7E8CB800248C2A /* ViewController.swift */,
				DD42F4302A7E8CB800248C2A /* Main.storyboard */,
				DD42F4332A7E8CB900248C2A /* Assets.xcassets */,
				DD42F4352A7E8CB900248C2A /* LaunchScreen.storyboard */,
				DD42F4382A7E8CB900248C2A /* Info.plist */,
			);
			path = MortgageApp;
			sourceTree = "<group>";
		};
		DD42F4402A7E8CBA00248C2A /* MortgageAppTests */ = {
			isa = PBXGroup;
			children = (
				DD42F4412A7E8CBA00248C2A /* MortgageAppTests.swift */,
			);
			path = MortgageAppTests;
			sourceTree = "<group>";
		};
		DD42F44A2A7E8CBA00248C2A /* MortgageAppUITests */ = {
			isa = PBXGroup;
			children = (
				DD42F44B2A7E8CBA00248C2A /* MortgageAppUITests.swift */,
				DD42F44D2A7E8CBA00248C2A /* MortgageAppUITestsLaunchTests.swift */,
			);
			path = MortgageAppUITests;
			sourceTree = "<group>";
		};
/* End PBXGroup section */

/* Begin PBXNativeTarget section */
		DD42F4262A7E8CB800248C2A /* MortgageApp */ = {
			isa = PBXNativeTarget;
			buildConfigurationList = DD42F4512A7E8CBA00248C2A /* Build configuration list for PBXNativeTarget "MortgageApp" */;
			buildPhases = (
				DD42F4232A7E8CB800248C2A /* Sources */,
				DD42F4242A7E8CB800248C2A /* Frameworks */,
				DD42F4252A7E8CB800248C2A /* Resources */,
			);
			buildRules = (
			);
			dependencies = (
			);
			name = MortgageApp;
			productName = MortgageApp;
			productReference = DD42F4272A7E8CB800248C2A /* MortgageApp.app */;
			productType = "com.apple.product-type.application";
		};
		DD42F43C2A7E8CBA00248C2A /* MortgageAppTests */ = {
			isa = PBXNativeTarget;
			buildConfigurationList = DD42F4542A7E8CBA00248C2A /* Build configuration list for PBXNativeTarget "MortgageAppTests" */;
			buildPhases = (
				DD42F4392A7E8CBA00248C2A /* Sources */,
				DD42F43A2A7E8CBA00248C2A /* Frameworks */,
				DD42F43B2A7E8CBA00248C2A /* Resources */,
			);
			buildRules = (
			);
			dependencies = (
				DD42F43F2A7E8CBA00248C2A /* PBXTargetDependency */,
			);
			name = MortgageAppTests;
			productName = MortgageAppTests;
			productReference = DD42F43D2A7E8CBA00248C2A /* MortgageAppTests.xctest */;
			productType = "com.apple.product-type.bundle.unit-test";
		};
		DD42F4462A7E8CBA00248C2A /* MortgageAppUITests */ = {
			isa = PBXNativeTarget;
			buildConfigurationList = DD42F4572A7E8CBA00248C2A /* Build configuration list for PBXNativeTarget "MortgageAppUITests" */;
			buildPhases = (
				DD42F4432A7E8CBA00248C2A /* Sources */,
				DD42F4442A7E8CBA00248C2A /* Frameworks */,
				DD42F4452A7E8CBA00248C2A /* Resources */,
			);
			buildRules = (
			);
			dependencies = (
				DD42F4492A7E8CBA00248C2A /* PBXTargetDependency */,
			);
			name = MortgageAppUITests;
			productName = MortgageAppUITests;
			productReference = DD42F4472A7E8CBA00248C2A /* MortgageAppUITests.xctest */;
			productType = "com.apple.product-type.bundle.ui-testing";
		};
/* End PBXNativeTarget section */

/* Begin PBXProject section */
		DD42F41F2A7E8CB800248C2A /* Project object */ = {
			isa = PBXProject;
			attributes = {
				BuildIndependentTargetsInParallel = 1;
				LastSwiftUpdateCheck = 1430;
				LastUpgradeCheck = 1430;
				TargetAttributes = {
					DD42F4262A7E8CB800248C2A = {
						CreatedOnToolsVersion = 14.3.1;
					};
					DD42F43C2A7E8CBA00248C2A = {
						CreatedOnToolsVersion = 14.3.1;
						TestTargetID = DD42F4262A7E8CB800248C2A;
					};
					DD42F4462A7E8CBA00248C2A = {
						CreatedOnToolsVersion = 14.3.1;
						TestTargetID = DD42F4262A7E8CB800248C2A;
					};
				};
			};
			buildConfigurationList = DD42F4222A7E8CB800248C2A /* Build configuration list for PBXProject "MortgageApp" */;
			compatibilityVersion = "Xcode 14.0";
			developmentRegion = en;
			hasScannedForEncodings = 0;
			knownRegions = (
				en,
				Base,
			);
			mainGroup = DD42F41E2A7E8CB800248C2A;
			productRefGroup = DD42F4282A7E8CB800248C2A /* Products */;
			projectDirPath = "";
			projectRoot = "";
			targets = (
				DD42F4262A7E8CB800248C2A /* MortgageApp */,
				DD42F43C2A7E8CBA00248C2A /* MortgageAppTests */,
				DD42F4462A7E8CBA00248C2A /* MortgageAppUITests */,
			);
		};
/* End PBXProject section */

/* Begin PBXResourcesBuildPhase section */
		DD42F4252A7E8CB800248C2A /* Resources */ = {
			isa = PBXResourcesBuildPhase;
			buildActionMask = 2147483647;
			files = (
				DD42F4372A7E8CB900248C2A /* LaunchScreen.storyboard in Resources */,
				DD42F4342A7E8CB900248C2A /* Assets.xcassets in Resources */,
				DD42F4322A7E8CB800248C2A /* Main.storyboard in Resources */,
			);
			runOnlyForDeploymentPostprocessing = 0;
		};
		DD42F43B2A7E8CBA00248C2A /* Resources */ = {
			isa = PBXResourcesBuildPhase;
			buildActionMask = 2147483647;
			files = (
			);
			runOnlyForDeploymentPostprocessing = 0;
		};
		DD42F4452A7E8CBA00248C2A /* Resources */ = {
			isa = PBXResourcesBuildPhase;
			buildActionMask = 2147483647;
			files = (
			);
			runOnlyForDeploymentPostprocessing = 0;
		};
/* End PBXResourcesBuildPhase section */

/* Begin PBXSourcesBuildPhase section */
		DD42F4232A7E8CB800248C2A /* Sources */ = {
			isa = PBXSourcesBuildPhase;
			buildActionMask = 2147483647;
			files = (
				DD42F42F2A7E8CB800248C2A /* ViewController.swift in Sources */,
				DD42F42B2A7E8CB800248C2A /* AppDelegate.swift in Sources */,
				DD42F42D2A7E8CB800248C2A /* SceneDelegate.swift in Sources */,
			);
			runOnlyForDeploymentPostprocessing = 0;
		};
		DD42F4392A7E8CBA00248C2A /* Sources */ = {
			isa = PBXSourcesBuildPhase;
			buildActionMask = 2147483647;
			files = (
				DD42F4422A7E8CBA00248C2A /* MortgageAppTests.swift in Sources */,
			);
			runOnlyForDeploymentPostprocessing = 0;
		};
		DD42F4432A7E8CBA00248C2A /* Sources */ = {
			isa = PBXSourcesBuildPhase;
			buildActionMask = 2147483647;
			files = (
				DD42F44E2A7E8CBA00248C2A /* MortgageAppUITestsLaunchTests.swift in Sources */,
				DD42F44C2A7E8CBA00248C2A /* MortgageAppUITests.swift in Sources */,
			);
			runOnlyForDeploymentPostprocessing = 0;
		};
/* End PBXSourcesBuildPhase section */

/* Begin PBXTargetDependency section */
		DD42F43F2A7E8CBA00248C2A /* PBXTargetDependency */ = {
			isa = PBXTargetDependency;
			target = DD42F4262A7E8CB800248C2A /* MortgageApp */;
			targetProxy = DD42F43E2A7E8CBA00248C2A /* PBXContainerItemProxy */;
		};
		DD42F4492A7E8CBA00248C2A /* PBXTargetDependency */ = {
			isa = PBXTargetDependency;
			target = DD42F4262A7E8CB800248C2A /* MortgageApp */;
			targetProxy = DD42F4482A7E8CBA00248C2A /* PBXContainerItemProxy */;
		};
/* End PBXTargetDependency section */

/* Begin PBXVariantGroup section */
		DD42F4302A7E8CB800248C2A /* Main.storyboard */ = {
			isa = PBXVariantGroup;
			children = (
				DD42F4312A7E8CB800248C2A /* Base */,
			);
			name = Main.storyboard;
			sourceTree = "<group>";
		};
		DD42F4352A7E8CB900248C2A /* LaunchScreen.storyboard */ = {
			isa = PBXVariantGroup;
			children = (
				DD42F4362A7E8CB900248C2A /* Base */,
			);
			name = LaunchScreen.storyboard;
			sourceTree = "<group>";
		};
/* End PBXVariantGroup section */

/* Begin XCBuildConfiguration section */
		DD42F44F2A7E8CBA00248C2A /* Debug */ = {
			isa = XCBuildConfiguration;
			buildSettings = {
				ALWAYS_SEARCH_USER_PATHS = NO;
				CLANG_ANALYZER_NONNULL = YES;
				CLANG_ANALYZER_NUMBER_OBJECT_CONVERSION = YES_AGGRESSIVE;
				CLANG_CXX_LANGUAGE_STANDARD = "gnu++20";
				CLANG_ENABLE_MODULES = YES;
				CLANG_ENABLE_OBJC_ARC = YES;
				CLANG_ENABLE_OBJC_WEAK = YES;
				CLANG_WARN_BLOCK_CAPTURE_AUTORELEASING = YES;
				CLANG_WARN_BOOL_CONVERSION = YES;
				CLANG_WARN_COMMA = YES;
				CLANG_WARN_CONSTANT_CONVERSION = YES;
				CLANG_WARN_DEPRECATED_OBJC_IMPLEMENTATIONS = YES;
				CLANG_WARN_DIRECT_OBJC_ISA_USAGE = YES_ERROR;
				CLANG_WARN_DOCUMENTATION_COMMENTS = YES;
				CLANG_WARN_EMPTY_BODY = YES;
				CLANG_WARN_ENUM_CONVERSION = YES;
				CLANG_WARN_INFINITE_RECURSION = YES;
				CLANG_WARN_INT_CONVERSION = YES;
				CLANG_WARN_NON_LITERAL_NULL_CONVERSION = YES;
				CLANG_WARN_OBJC_IMPLICIT_RETAIN_SELF = YES;
				CLANG_WARN_OBJC_LITERAL_CONVERSION = YES;
				CLANG_WARN_OBJC_ROOT_CLASS = YES_ERROR;
				CLANG_WARN_QUOTED_INCLUDE_IN_FRAMEWORK_HEADER = YES;
				CLANG_WARN_RANGE_LOOP_ANALYSIS = YES;
				CLANG_WARN_STRICT_PROTOTYPES = YES;
				CLANG_WARN_SUSPICIOUS_MOVE = YES;
				CLANG_WARN_UNGUARDED_AVAILABILITY = YES_AGGRESSIVE;
				CLANG_WARN_UNREACHABLE_CODE = YES;
				CLANG_WARN__DUPLICATE_METHOD_MATCH = YES;
				COPY_PHASE_STRIP = NO;
				DEBUG_INFORMATION_FORMAT = dwarf;
				ENABLE_STRICT_OBJC_MSGSEND = YES;
				ENABLE_TESTABILITY = YES;
				GCC_C_LANGUAGE_STANDARD = gnu11;
				GCC_DYNAMIC_NO_PIC = NO;
				GCC_NO_COMMON_BLOCKS = YES;
				GCC_OPTIMIZATION_LEVEL = 0;
				GCC_PREPROCESSOR_DEFINITIONS = (
					"DEBUG=1",
					"$(inherited)",
				);
				GCC_WARN_64_TO_32_BIT_CONVERSION = YES;
				GCC_WARN_ABOUT_RETURN_TYPE = YES_ERROR;
				GCC_WARN_UNDECLARED_SELECTOR = YES;
				GCC_WARN_UNINITIALIZED_AUTOS = YES_AGGRESSIVE;
				GCC_WARN_UNUSED_FUNCTION = YES;
				GCC_WARN_UNUSED_VARIABLE = YES;
				IPHONEOS_DEPLOYMENT_TARGET = 16.4;
				MTL_ENABLE_DEBUG_INFO = INCLUDE_SOURCE;
				MTL_FAST_MATH = YES;
				ONLY_ACTIVE_ARCH = YES;
				SDKROOT = iphoneos;
				SWIFT_ACTIVE_COMPILATION_CONDITIONS = DEBUG;
				SWIFT_OPTIMIZATION_LEVEL = "-Onone";
			};
			name = Debug;
		};
		DD42F4502A7E8CBA00248C2A /* Release */ = {
			isa = XCBuildConfiguration;
			buildSettings = {
				ALWAYS_SEARCH_USER_PATHS = NO;
				CLANG_ANALYZER_NONNULL = YES;
				CLANG_ANALYZER_NUMBER_OBJECT_CONVERSION = YES_AGGRESSIVE;
				CLANG_CXX_LANGUAGE_STANDARD = "gnu++20";
				CLANG_ENABLE_MODULES = YES;
				CLANG_ENABLE_OBJC_ARC = YES;
				CLANG_ENABLE_OBJC_WEAK = YES;
				CLANG_WARN_BLOCK_CAPTURE_AUTORELEASING = YES;
				CLANG_WARN_BOOL_CONVERSION = YES;
				CLANG_WARN_COMMA = YES;
				CLANG_WARN_CONSTANT_CONVERSION = YES;
				CLANG_WARN_DEPRECATED_OBJC_IMPLEMENTATIONS = YES;
				CLANG_WARN_DIRECT_OBJC_ISA_USAGE = YES_ERROR;
				CLANG_WARN_DOCUMENTATION_COMMENTS = YES;
				CLANG_WARN_EMPTY_BODY = YES;
				CLANG_WARN_ENUM_CONVERSION = YES;
				CLANG_WARN_INFINITE_RECURSION = YES;
				CLANG_WARN_INT_CONVERSION = YES;
				CLANG_WARN_NON_LITERAL_NULL_CONVERSION = YES;
				CLANG_WARN_OBJC_IMPLICIT_RETAIN_SELF = YES;
				CLANG_WARN_OBJC_LITERAL_CONVERSION = YES;
				CLANG_WARN_OBJC_ROOT_CLASS = YES_ERROR;
				CLANG_WARN_QUOTED_INCLUDE_IN_FRAMEWORK_HEADER = YES;
				CLANG_WARN_RANGE_LOOP_ANALYSIS = YES;
				CLANG_WARN_STRICT_PROTOTYPES = YES;
				CLANG_WARN_SUSPICIOUS_MOVE = YES;
				CLANG_WARN_UNGUARDED_AVAILABILITY = YES_AGGRESSIVE;
				CLANG_WARN_UNREACHABLE_CODE = YES;
				CLANG_WARN__DUPLICATE_METHOD_MATCH = YES;
				COPY_PHASE_STRIP = NO;
				DEBUG_INFORMATION_FORMAT = "dwarf-with-dsym";
				ENABLE_NS_ASSERTIONS = NO;
				ENABLE_STRICT_OBJC_MSGSEND = YES;
				GCC_C_LANGUAGE_STANDARD = gnu11;
				GCC_NO_COMMON_BLOCKS = YES;
				GCC_WARN_64_TO_32_BIT_CONVERSION = YES;
				GCC_WARN_ABOUT_RETURN_TYPE = YES_ERROR;
				GCC_WARN_UNDECLARED_SELECTOR = YES;
				GCC_WARN_UNINITIALIZED_AUTOS = YES_AGGRESSIVE;
				GCC_WARN_UNUSED_FUNCTION = YES;
				GCC_WARN_UNUSED_VARIABLE = YES;
				IPHONEOS_DEPLOYMENT_TARGET = 16.4;
				MTL_ENABLE_DEBUG_INFO = NO;
				MTL_FAST_MATH = YES;
				SDKROOT = iphoneos;
				SWIFT_COMPILATION_MODE = wholemodule;
				SWIFT_OPTIMIZATION_LEVEL = "-O";
				VALIDATE_PRODUCT = YES;
			};
			name = Release;
		};
		DD42F4522A7E8CBA00248C2A /* Debug */ = {
			isa = XCBuildConfiguration;
			buildSettings = {
				ASSETCATALOG_COMPILER_APPICON_NAME = AppIcon;
				ASSETCATALOG_COMPILER_GLOBAL_ACCENT_COLOR_NAME = AccentColor;
				CODE_SIGN_STYLE = Automatic;
				CURRENT_PROJECT_VERSION = 1;
				DEVELOPMENT_TEAM = DAP856JGQY;
				GENERATE_INFOPLIST_FILE = YES;
				INFOPLIST_FILE = MortgageApp/Info.plist;
				INFOPLIST_KEY_UIApplicationSupportsIndirectInputEvents = YES;
				INFOPLIST_KEY_UILaunchStoryboardName = LaunchScreen;
				INFOPLIST_KEY_UIMainStoryboardFile = Main;
				INFOPLIST_KEY_UISupportedInterfaceOrientations_iPad = "UIInterfaceOrientationPortrait UIInterfaceOrientationPortraitUpsideDown UIInterfaceOrientationLandscapeLeft UIInterfaceOrientationLandscapeRight";
				INFOPLIST_KEY_UISupportedInterfaceOrientations_iPhone = "UIInterfaceOrientationPortrait UIInterfaceOrientationLandscapeLeft UIInterfaceOrientationLandscapeRight";
				LD_RUNPATH_SEARCH_PATHS = (
					"$(inherited)",
					"@executable_path/Frameworks",
				);
				MARKETING_VERSION = 1.0;
				PRODUCT_BUNDLE_IDENTIFIER = com.jattersley.MortgageApp;
				PRODUCT_NAME = "$(TARGET_NAME)";
				SWIFT_EMIT_LOC_STRINGS = YES;
				SWIFT_VERSION = 5.0;
				TARGETED_DEVICE_FAMILY = "1,2";
			};
			name = Debug;
		};
		DD42F4532A7E8CBA00248C2A /* Release */ = {
			isa = XCBuildConfiguration;
			buildSettings = {
				ASSETCATALOG_COMPILER_APPICON_NAME = AppIcon;
				ASSETCATALOG_COMPILER_GLOBAL_ACCENT_COLOR_NAME = AccentColor;
				CODE_SIGN_STYLE = Automatic;
				CURRENT_PROJECT_VERSION = 1;
				DEVELOPMENT_TEAM = DAP856JGQY;
				GENERATE_INFOPLIST_FILE = YES;
				INFOPLIST_FILE = MortgageApp/Info.plist;
				INFOPLIST_KEY_UIApplicationSupportsIndirectInputEvents = YES;
				INFOPLIST_KEY_UILaunchStoryboardName = LaunchScreen;
				INFOPLIST_KEY_UIMainStoryboardFile = Main;
				INFOPLIST_KEY_UISupportedInterfaceOrientations_iPad = "UIInterfaceOrientationPortrait UIInterfaceOrientationPortraitUpsideDown UIInterfaceOrientationLandscapeLeft UIInterfaceOrientationLandscapeRight";
				INFOPLIST_KEY_UISupportedInterfaceOrientations_iPhone = "UIInterfaceOrientationPortrait UIInterfaceOrientationLandscapeLeft UIInterfaceOrientationLandscapeRight";
				LD_RUNPATH_SEARCH_PATHS = (
					"$(inherited)",
					"@executable_path/Frameworks",
				);
				MARKETING_VERSION = 1.0;
				PRODUCT_BUNDLE_IDENTIFIER = com.jattersley.MortgageApp;
				PRODUCT_NAME = "$(TARGET_NAME)";
				SWIFT_EMIT_LOC_STRINGS = YES;
				SWIFT_VERSION = 5.0;
				TARGETED_DEVICE_FAMILY = "1,2";
			};
			name = Release;
		};
		DD42F4552A7E8CBA00248C2A /* Debug */ = {
			isa = XCBuildConfiguration;
			buildSettings = {
				ALWAYS_EMBED_SWIFT_STANDARD_LIBRARIES = YES;
				BUNDLE_LOADER = "$(TEST_HOST)";
				CODE_SIGN_STYLE = Automatic;
				CURRENT_PROJECT_VERSION = 1;
				DEVELOPMENT_TEAM = DAP856JGQY;
				GENERATE_INFOPLIST_FILE = YES;
				IPHONEOS_DEPLOYMENT_TARGET = 16.4;
				MARKETING_VERSION = 1.0;
				PRODUCT_BUNDLE_IDENTIFIER = com.jattersley.MortgageAppTests;
				PRODUCT_NAME = "$(TARGET_NAME)";
				SWIFT_EMIT_LOC_STRINGS = NO;
				SWIFT_VERSION = 5.0;
				TARGETED_DEVICE_FAMILY = "1,2";
				TEST_HOST = "$(BUILT_PRODUCTS_DIR)/MortgageApp.app/$(BUNDLE_EXECUTABLE_FOLDER_PATH)/MortgageApp";
			};
			name = Debug;
		};
		DD42F4562A7E8CBA00248C2A /* Release */ = {
			isa = XCBuildConfiguration;
			buildSettings = {
				ALWAYS_EMBED_SWIFT_STANDARD_LIBRARIES = YES;
				BUNDLE_LOADER = "$(TEST_HOST)";
				CODE_SIGN_STYLE = Automatic;
				CURRENT_PROJECT_VERSION = 1;
				DEVELOPMENT_TEAM = DAP856JGQY;
				GENERATE_INFOPLIST_FILE = YES;
				IPHONEOS_DEPLOYMENT_TARGET = 16.4;
				MARKETING_VERSION = 1.0;
				PRODUCT_BUNDLE_IDENTIFIER = com.jattersley.MortgageAppTests;
				PRODUCT_NAME = "$(TARGET_NAME)";
				SWIFT_EMIT_LOC_STRINGS = NO;
				SWIFT_VERSION = 5.0;
				TARGETED_DEVICE_FAMILY = "1,2";
				TEST_HOST = "$(BUILT_PRODUCTS_DIR)/MortgageApp.app/$(BUNDLE_EXECUTABLE_FOLDER_PATH)/MortgageApp";
			};
			name = Release;
		};
		DD42F4582A7E8CBA00248C2A /* Debug */ = {
			isa = XCBuildConfiguration;
			buildSettings = {
				ALWAYS_EMBED_SWIFT_STANDARD_LIBRARIES = YES;
				CODE_SIGN_STYLE = Automatic;
				CURRENT_PROJECT_VERSION = 1;
				DEVELOPMENT_TEAM = DAP856JGQY;
				GENERATE_INFOPLIST_FILE = YES;
				MARKETING_VERSION = 1.0;
				PRODUCT_BUNDLE_IDENTIFIER = com.jattersley.MortgageAppUITests;
				PRODUCT_NAME = "$(TARGET_NAME)";
				SWIFT_EMIT_LOC_STRINGS = NO;
				SWIFT_VERSION = 5.0;
				TARGETED_DEVICE_FAMILY = "1,2";
				TEST_TARGET_NAME = MortgageApp;
			};
			name = Debug;
		};
		DD42F4592A7E8CBA00248C2A /* Release */ = {
			isa = XCBuildConfiguration;
			buildSettings = {
				ALWAYS_EMBED_SWIFT_STANDARD_LIBRARIES = YES;
				CODE_SIGN_STYLE = Automatic;
				CURRENT_PROJECT_VERSION = 1;
				DEVELOPMENT_TEAM = DAP856JGQY;
				GENERATE_INFOPLIST_FILE = YES;
				MARKETING_VERSION = 1.0;
				PRODUCT_BUNDLE_IDENTIFIER = com.jattersley.MortgageAppUITests;
				PRODUCT_NAME = "$(TARGET_NAME)";
				SWIFT_EMIT_LOC_STRINGS = NO;
				SWIFT_VERSION = 5.0;
				TARGETED_DEVICE_FAMILY = "1,2";
				TEST_TARGET_NAME = MortgageApp;
			};
			name = Release;
		};
/* End XCBuildConfiguration section */

/* Begin XCConfigurationList section */
		DD42F4222A7E8CB800248C2A /* Build configuration list for PBXProject "MortgageApp" */ = {
			isa = XCConfigurationList;
			buildConfigurations = (
				DD42F44F2A7E8CBA00248C2A /* Debug */,
				DD42F4502A7E8CBA00248C2A /* Release */,
			);
			defaultConfigurationIsVisible = 0;
			defaultConfigurationName = Release;
		};
		DD42F4512A7E8CBA00248C2A /* Build configuration list for PBXNativeTarget "MortgageApp" */ = {
			isa = XCConfigurationList;
			buildConfigurations = (
				DD42F4522A7E8CBA00248C2A /* Debug */,
				DD42F4532A7E8CBA00248C2A /* Release */,
			);
			defaultConfigurationIsVisible = 0;
			defaultConfigurationName = Release;
		};
		DD42F4542A7E8CBA00248C2A /* Build configuration list for PBXNativeTarget "MortgageAppTests" */ = {
			isa = XCConfigurationList;
			buildConfigurations = (
				DD42F4552A7E8CBA00248C2A /* Debug */,
				DD42F4562A7E8CBA00248C2A /* Release */,
			);
			defaultConfigurationIsVisible = 0;
			defaultConfigurationName = Release;
		};
		DD42F4572A7E8CBA00248C2A /* Build configuration list for PBXNativeTarget "MortgageAppUITests" */ = {
			isa = XCConfigurationList;
			buildConfigurations = (
				DD42F4582A7E8CBA00248C2A /* Debug */,
				DD42F4592A7E8CBA00248C2A /* Release */,
			);
			defaultConfigurationIsVisible = 0;
			defaultConfigurationName = Release;
		};
/* End XCConfigurationList section */
	};
	rootObject = DD42F41F2A7E8CB800248C2A /* Project object */;
}
